// !$*UTF8*$!
{
	archiveVersion = 1;
	classes = {
	};
	objectVersion = 46;
	objects = {

/* Begin PBXBuildFile section */
		5A60BCB8153DC32F001B69E6 /* LocationCell.xib in Resources */ = {isa = PBXBuildFile; fileRef = 5A60BCB7153DC32F001B69E6 /* LocationCell.xib */; };
		5A60BCE4153DC8D7001B69E6 /* LocationCell.m in Sources */ = {isa = PBXBuildFile; fileRef = 5A60BCE3153DC8D7001B69E6 /* LocationCell.m */; };
		5A60BD37153DCE04001B69E6 /* DescriptionCell.m in Sources */ = {isa = PBXBuildFile; fileRef = 5A60BD36153DCE04001B69E6 /* DescriptionCell.m */; };
		5A60BD3A153DCE21001B69E6 /* ImagesCell.m in Sources */ = {isa = PBXBuildFile; fileRef = 5A60BD39153DCE21001B69E6 /* ImagesCell.m */; };
		5A60BD3C153DCE3B001B69E6 /* DescriptionCell.xib in Resources */ = {isa = PBXBuildFile; fileRef = 5A60BD3B153DCE3B001B69E6 /* DescriptionCell.xib */; };
		5A60BD3E153DCE46001B69E6 /* ImagesCell.xib in Resources */ = {isa = PBXBuildFile; fileRef = 5A60BD3D153DCE46001B69E6 /* ImagesCell.xib */; };
		5A60BD45153EE5E0001B69E6 /* 86-camera.png in Resources */ = {isa = PBXBuildFile; fileRef = 5A60BD43153EE5E0001B69E6 /* 86-camera.png */; };
		5A60BD46153EE5E0001B69E6 /* 86-camera@2x.png in Resources */ = {isa = PBXBuildFile; fileRef = 5A60BD44153EE5E0001B69E6 /* 86-camera@2x.png */; };
		5A60BD51153F04CB001B69E6 /* LocationViewController.m in Sources */ = {isa = PBXBuildFile; fileRef = 5A60BD50153F04CB001B69E6 /* LocationViewController.m */; };
		5A60BD57153FFCD5001B69E6 /* Incident.m in Sources */ = {isa = PBXBuildFile; fileRef = 5A7EDC5B153489910065CFA1 /* Incident.m */; };
		5A60BD58153FFD05001B69E6 /* CouchCocoa.framework in Frameworks */ = {isa = PBXBuildFile; fileRef = 5AC2008A152C672E00866FC5 /* CouchCocoa.framework */; };
		5A60BD59153FFD05001B69E6 /* TouchDB.framework in Frameworks */ = {isa = PBXBuildFile; fileRef = 5AC2008B152C672E00866FC5 /* TouchDB.framework */; };
		5A60BD5A153FFD18001B69E6 /* libsqlite3.dylib in Frameworks */ = {isa = PBXBuildFile; fileRef = 5AC200B8152C764B00866FC5 /* libsqlite3.dylib */; };
		5A60BD5B153FFD1F001B69E6 /* libz.dylib in Frameworks */ = {isa = PBXBuildFile; fileRef = 5AC200B6152C764200866FC5 /* libz.dylib */; };
		5A7EDC2A153431F90065CFA1 /* Database.m in Sources */ = {isa = PBXBuildFile; fileRef = 5A7EDC29153431F90065CFA1 /* Database.m */; };
		5A7EDC2E1534580F0065CFA1 /* IncidentViewController.m in Sources */ = {isa = PBXBuildFile; fileRef = 5A7EDC2D1534580F0065CFA1 /* IncidentViewController.m */; };
		5A7EDC311534588B0065CFA1 /* CouchTableViewController.m in Sources */ = {isa = PBXBuildFile; fileRef = 5A7EDC301534588B0065CFA1 /* CouchTableViewController.m */; };
		5A7EDC5C153489910065CFA1 /* Incident.m in Sources */ = {isa = PBXBuildFile; fileRef = 5A7EDC5B153489910065CFA1 /* Incident.m */; };
		5A7EDC5F153579EC0065CFA1 /* EditIncidentViewController.m in Sources */ = {isa = PBXBuildFile; fileRef = 5A7EDC5E153579EB0065CFA1 /* EditIncidentViewController.m */; };
		5AC2000C152C35F300866FC5 /* UIKit.framework in Frameworks */ = {isa = PBXBuildFile; fileRef = 5AC2000B152C35F300866FC5 /* UIKit.framework */; };
		5AC2000E152C35F300866FC5 /* Foundation.framework in Frameworks */ = {isa = PBXBuildFile; fileRef = 5AC2000D152C35F300866FC5 /* Foundation.framework */; };
		5AC20010152C35F300866FC5 /* CoreGraphics.framework in Frameworks */ = {isa = PBXBuildFile; fileRef = 5AC2000F152C35F300866FC5 /* CoreGraphics.framework */; };
		5AC20016152C35F300866FC5 /* InfoPlist.strings in Resources */ = {isa = PBXBuildFile; fileRef = 5AC20014152C35F300866FC5 /* InfoPlist.strings */; };
		5AC20018152C35F300866FC5 /* main.m in Sources */ = {isa = PBXBuildFile; fileRef = 5AC20017152C35F300866FC5 /* main.m */; };
		5AC2001C152C35F300866FC5 /* AppDelegate.m in Sources */ = {isa = PBXBuildFile; fileRef = 5AC2001B152C35F300866FC5 /* AppDelegate.m */; };
		5AC2001F152C35F300866FC5 /* MainStoryboard.storyboard in Resources */ = {isa = PBXBuildFile; fileRef = 5AC2001D152C35F300866FC5 /* MainStoryboard.storyboard */; };
		5AC20022152C35F300866FC5 /* MasterViewController.m in Sources */ = {isa = PBXBuildFile; fileRef = 5AC20021152C35F300866FC5 /* MasterViewController.m */; };
		5AC20025152C35F300866FC5 /* DetailViewController.m in Sources */ = {isa = PBXBuildFile; fileRef = 5AC20024152C35F300866FC5 /* DetailViewController.m */; };
		5AC2002D152C35F300866FC5 /* SenTestingKit.framework in Frameworks */ = {isa = PBXBuildFile; fileRef = 5AC2002C152C35F300866FC5 /* SenTestingKit.framework */; };
		5AC2002E152C35F300866FC5 /* UIKit.framework in Frameworks */ = {isa = PBXBuildFile; fileRef = 5AC2000B152C35F300866FC5 /* UIKit.framework */; };
		5AC2002F152C35F300866FC5 /* Foundation.framework in Frameworks */ = {isa = PBXBuildFile; fileRef = 5AC2000D152C35F300866FC5 /* Foundation.framework */; };
		5AC20037152C35F300866FC5 /* InfoPlist.strings in Resources */ = {isa = PBXBuildFile; fileRef = 5AC20035152C35F300866FC5 /* InfoPlist.strings */; };
		5AC2003A152C35F300866FC5 /* DatabaseTests.m in Sources */ = {isa = PBXBuildFile; fileRef = 5AC20039152C35F300866FC5 /* DatabaseTests.m */; };
		5AC2004D152C4C1F00866FC5 /* icon-57.png in Resources */ = {isa = PBXBuildFile; fileRef = 5AC2004B152C4C1F00866FC5 /* icon-57.png */; };
		5AC2004E152C4C1F00866FC5 /* icon-114.png in Resources */ = {isa = PBXBuildFile; fileRef = 5AC2004C152C4C1F00866FC5 /* icon-114.png */; };
		5AC2007B152C64E000866FC5 /* Configuration.m in Sources */ = {isa = PBXBuildFile; fileRef = 5AC20078152C64E000866FC5 /* Configuration.m */; };
		5AC2007C152C64E000866FC5 /* Globals.m in Sources */ = {isa = PBXBuildFile; fileRef = 5AC2007A152C64E000866FC5 /* Globals.m */; };
		5AC2008C152C672E00866FC5 /* CouchCocoa.framework in Frameworks */ = {isa = PBXBuildFile; fileRef = 5AC2008A152C672E00866FC5 /* CouchCocoa.framework */; };
		5AC2008D152C672E00866FC5 /* TouchDB.framework in Frameworks */ = {isa = PBXBuildFile; fileRef = 5AC2008B152C672E00866FC5 /* TouchDB.framework */; };
		5AC200B7152C764200866FC5 /* libz.dylib in Frameworks */ = {isa = PBXBuildFile; fileRef = 5AC200B6152C764200866FC5 /* libz.dylib */; };
		5AC200B9152C764B00866FC5 /* libsqlite3.dylib in Frameworks */ = {isa = PBXBuildFile; fileRef = 5AC200B8152C764B00866FC5 /* libsqlite3.dylib */; };
		5AC200BD152C767A00866FC5 /* SystemConfiguration.framework in Frameworks */ = {isa = PBXBuildFile; fileRef = 5AC200BC152C767A00866FC5 /* SystemConfiguration.framework */; };
		5AC200C0152C9E0C00866FC5 /* Project.m in Sources */ = {isa = PBXBuildFile; fileRef = 5AC200BF152C9E0C00866FC5 /* Project.m */; };
		5AC200C4152CA92500866FC5 /* MapKit.framework in Frameworks */ = {isa = PBXBuildFile; fileRef = 5AC200C3152CA92500866FC5 /* MapKit.framework */; };
		5AC200CD152D7BC200866FC5 /* CoreLocation.framework in Frameworks */ = {isa = PBXBuildFile; fileRef = 5AC200CC152D7BC200866FC5 /* CoreLocation.framework */; };
		5AC200D0152D7BE400866FC5 /* Annotation.m in Sources */ = {isa = PBXBuildFile; fileRef = 5AC200CF152D7BE400866FC5 /* Annotation.m */; };
/* End PBXBuildFile section */

/* Begin PBXContainerItemProxy section */
		5AC20030152C35F300866FC5 /* PBXContainerItemProxy */ = {
			isa = PBXContainerItemProxy;
			containerPortal = 5AC2FFFE152C35F300866FC5 /* Project object */;
			proxyType = 1;
			remoteGlobalIDString = 5AC20006152C35F300866FC5;
			remoteInfo = elme;
		};
/* End PBXContainerItemProxy section */

/* Begin PBXFileReference section */
		5A60BCB7153DC32F001B69E6 /* LocationCell.xib */ = {isa = PBXFileReference; fileEncoding = 4; lastKnownFileType = file.xib; path = LocationCell.xib; sourceTree = "<group>"; };
		5A60BCE2153DC8D7001B69E6 /* LocationCell.h */ = {isa = PBXFileReference; fileEncoding = 4; lastKnownFileType = sourcecode.c.h; path = LocationCell.h; sourceTree = "<group>"; };
		5A60BCE3153DC8D7001B69E6 /* LocationCell.m */ = {isa = PBXFileReference; fileEncoding = 4; lastKnownFileType = sourcecode.c.objc; path = LocationCell.m; sourceTree = "<group>"; };
		5A60BD35153DCE04001B69E6 /* DescriptionCell.h */ = {isa = PBXFileReference; fileEncoding = 4; lastKnownFileType = sourcecode.c.h; path = DescriptionCell.h; sourceTree = "<group>"; };
		5A60BD36153DCE04001B69E6 /* DescriptionCell.m */ = {isa = PBXFileReference; fileEncoding = 4; lastKnownFileType = sourcecode.c.objc; path = DescriptionCell.m; sourceTree = "<group>"; };
		5A60BD38153DCE21001B69E6 /* ImagesCell.h */ = {isa = PBXFileReference; fileEncoding = 4; lastKnownFileType = sourcecode.c.h; path = ImagesCell.h; sourceTree = "<group>"; };
		5A60BD39153DCE21001B69E6 /* ImagesCell.m */ = {isa = PBXFileReference; fileEncoding = 4; lastKnownFileType = sourcecode.c.objc; path = ImagesCell.m; sourceTree = "<group>"; };
		5A60BD3B153DCE3B001B69E6 /* DescriptionCell.xib */ = {isa = PBXFileReference; fileEncoding = 4; lastKnownFileType = file.xib; path = DescriptionCell.xib; sourceTree = "<group>"; };
		5A60BD3D153DCE46001B69E6 /* ImagesCell.xib */ = {isa = PBXFileReference; fileEncoding = 4; lastKnownFileType = file.xib; path = ImagesCell.xib; sourceTree = "<group>"; };
		5A60BD43153EE5E0001B69E6 /* 86-camera.png */ = {isa = PBXFileReference; lastKnownFileType = image.png; path = "86-camera.png"; sourceTree = "<group>"; };
		5A60BD44153EE5E0001B69E6 /* 86-camera@2x.png */ = {isa = PBXFileReference; lastKnownFileType = image.png; path = "86-camera@2x.png"; sourceTree = "<group>"; };
		5A60BD4F153F04CB001B69E6 /* LocationViewController.h */ = {isa = PBXFileReference; fileEncoding = 4; lastKnownFileType = sourcecode.c.h; path = LocationViewController.h; sourceTree = "<group>"; };
		5A60BD50153F04CB001B69E6 /* LocationViewController.m */ = {isa = PBXFileReference; fileEncoding = 4; lastKnownFileType = sourcecode.c.objc; path = LocationViewController.m; sourceTree = "<group>"; };
		5A7EDC28153431F90065CFA1 /* Database.h */ = {isa = PBXFileReference; fileEncoding = 4; lastKnownFileType = sourcecode.c.h; path = Database.h; sourceTree = "<group>"; };
		5A7EDC29153431F90065CFA1 /* Database.m */ = {isa = PBXFileReference; fileEncoding = 4; lastKnownFileType = sourcecode.c.objc; path = Database.m; sourceTree = "<group>"; };
		5A7EDC2C1534580F0065CFA1 /* IncidentViewController.h */ = {isa = PBXFileReference; fileEncoding = 4; lastKnownFileType = sourcecode.c.h; path = IncidentViewController.h; sourceTree = "<group>"; };
		5A7EDC2D1534580F0065CFA1 /* IncidentViewController.m */ = {isa = PBXFileReference; fileEncoding = 4; lastKnownFileType = sourcecode.c.objc; path = IncidentViewController.m; sourceTree = "<group>"; };
		5A7EDC2F1534588B0065CFA1 /* CouchTableViewController.h */ = {isa = PBXFileReference; fileEncoding = 4; lastKnownFileType = sourcecode.c.h; path = CouchTableViewController.h; sourceTree = "<group>"; };
		5A7EDC301534588B0065CFA1 /* CouchTableViewController.m */ = {isa = PBXFileReference; fileEncoding = 4; lastKnownFileType = sourcecode.c.objc; path = CouchTableViewController.m; sourceTree = "<group>"; };
		5A7EDC5A153489910065CFA1 /* Incident.h */ = {isa = PBXFileReference; fileEncoding = 4; lastKnownFileType = sourcecode.c.h; path = Incident.h; sourceTree = "<group>"; };
		5A7EDC5B153489910065CFA1 /* Incident.m */ = {isa = PBXFileReference; fileEncoding = 4; lastKnownFileType = sourcecode.c.objc; path = Incident.m; sourceTree = "<group>"; };
		5A7EDC5D153579EB0065CFA1 /* EditIncidentViewController.h */ = {isa = PBXFileReference; fileEncoding = 4; lastKnownFileType = sourcecode.c.h; path = EditIncidentViewController.h; sourceTree = "<group>"; };
		5A7EDC5E153579EB0065CFA1 /* EditIncidentViewController.m */ = {isa = PBXFileReference; fileEncoding = 4; lastKnownFileType = sourcecode.c.objc; path = EditIncidentViewController.m; sourceTree = "<group>"; };
		5AC20007152C35F300866FC5 /* elme.app */ = {isa = PBXFileReference; explicitFileType = wrapper.application; includeInIndex = 0; path = elme.app; sourceTree = BUILT_PRODUCTS_DIR; };
		5AC2000B152C35F300866FC5 /* UIKit.framework */ = {isa = PBXFileReference; lastKnownFileType = wrapper.framework; name = UIKit.framework; path = System/Library/Frameworks/UIKit.framework; sourceTree = SDKROOT; };
		5AC2000D152C35F300866FC5 /* Foundation.framework */ = {isa = PBXFileReference; lastKnownFileType = wrapper.framework; name = Foundation.framework; path = System/Library/Frameworks/Foundation.framework; sourceTree = SDKROOT; };
		5AC2000F152C35F300866FC5 /* CoreGraphics.framework */ = {isa = PBXFileReference; lastKnownFileType = wrapper.framework; name = CoreGraphics.framework; path = System/Library/Frameworks/CoreGraphics.framework; sourceTree = SDKROOT; };
		5AC20013152C35F300866FC5 /* elme-Info.plist */ = {isa = PBXFileReference; lastKnownFileType = text.plist.xml; path = "elme-Info.plist"; sourceTree = "<group>"; };
		5AC20015152C35F300866FC5 /* en */ = {isa = PBXFileReference; lastKnownFileType = text.plist.strings; name = en; path = en.lproj/InfoPlist.strings; sourceTree = "<group>"; };
		5AC20017152C35F300866FC5 /* main.m */ = {isa = PBXFileReference; lastKnownFileType = sourcecode.c.objc; path = main.m; sourceTree = "<group>"; };
		5AC20019152C35F300866FC5 /* elme-Prefix.pch */ = {isa = PBXFileReference; lastKnownFileType = sourcecode.c.h; path = "elme-Prefix.pch"; sourceTree = "<group>"; };
		5AC2001A152C35F300866FC5 /* AppDelegate.h */ = {isa = PBXFileReference; lastKnownFileType = sourcecode.c.h; path = AppDelegate.h; sourceTree = "<group>"; };
		5AC2001B152C35F300866FC5 /* AppDelegate.m */ = {isa = PBXFileReference; lastKnownFileType = sourcecode.c.objc; path = AppDelegate.m; sourceTree = "<group>"; };
		5AC2001E152C35F300866FC5 /* en */ = {isa = PBXFileReference; lastKnownFileType = file.storyboard; name = en; path = en.lproj/MainStoryboard.storyboard; sourceTree = "<group>"; };
		5AC20020152C35F300866FC5 /* MasterViewController.h */ = {isa = PBXFileReference; lastKnownFileType = sourcecode.c.h; path = MasterViewController.h; sourceTree = "<group>"; };
		5AC20021152C35F300866FC5 /* MasterViewController.m */ = {isa = PBXFileReference; lastKnownFileType = sourcecode.c.objc; path = MasterViewController.m; sourceTree = "<group>"; };
		5AC20023152C35F300866FC5 /* DetailViewController.h */ = {isa = PBXFileReference; lastKnownFileType = sourcecode.c.h; path = DetailViewController.h; sourceTree = "<group>"; };
		5AC20024152C35F300866FC5 /* DetailViewController.m */ = {isa = PBXFileReference; lastKnownFileType = sourcecode.c.objc; path = DetailViewController.m; sourceTree = "<group>"; };
		5AC2002B152C35F300866FC5 /* elmeTests.octest */ = {isa = PBXFileReference; explicitFileType = wrapper.cfbundle; includeInIndex = 0; path = elmeTests.octest; sourceTree = BUILT_PRODUCTS_DIR; };
		5AC2002C152C35F300866FC5 /* SenTestingKit.framework */ = {isa = PBXFileReference; lastKnownFileType = wrapper.framework; name = SenTestingKit.framework; path = Library/Frameworks/SenTestingKit.framework; sourceTree = DEVELOPER_DIR; };
		5AC20034152C35F300866FC5 /* elmeTests-Info.plist */ = {isa = PBXFileReference; lastKnownFileType = text.plist.xml; path = "elmeTests-Info.plist"; sourceTree = "<group>"; };
		5AC20036152C35F300866FC5 /* en */ = {isa = PBXFileReference; lastKnownFileType = text.plist.strings; name = en; path = en.lproj/InfoPlist.strings; sourceTree = "<group>"; };
		5AC20039152C35F300866FC5 /* DatabaseTests.m */ = {isa = PBXFileReference; lastKnownFileType = sourcecode.c.objc; path = DatabaseTests.m; sourceTree = "<group>"; };
		5AC2004B152C4C1F00866FC5 /* icon-57.png */ = {isa = PBXFileReference; lastKnownFileType = image.png; path = "icon-57.png"; sourceTree = SOURCE_ROOT; };
		5AC2004C152C4C1F00866FC5 /* icon-114.png */ = {isa = PBXFileReference; lastKnownFileType = image.png; path = "icon-114.png"; sourceTree = SOURCE_ROOT; };
		5AC20077152C64E000866FC5 /* Configuration.h */ = {isa = PBXFileReference; fileEncoding = 4; lastKnownFileType = sourcecode.c.h; path = Configuration.h; sourceTree = "<group>"; };
		5AC20078152C64E000866FC5 /* Configuration.m */ = {isa = PBXFileReference; fileEncoding = 4; lastKnownFileType = sourcecode.c.objc; path = Configuration.m; sourceTree = "<group>"; };
		5AC20079152C64E000866FC5 /* Globals.h */ = {isa = PBXFileReference; fileEncoding = 4; lastKnownFileType = sourcecode.c.h; path = Globals.h; sourceTree = "<group>"; };
		5AC2007A152C64E000866FC5 /* Globals.m */ = {isa = PBXFileReference; fileEncoding = 4; lastKnownFileType = sourcecode.c.objc; path = Globals.m; sourceTree = "<group>"; };
		5AC2008A152C672E00866FC5 /* CouchCocoa.framework */ = {isa = PBXFileReference; lastKnownFileType = wrapper.framework; name = CouchCocoa.framework; path = vendor/CouchCocoa.framework; sourceTree = "<group>"; };
		5AC2008B152C672E00866FC5 /* TouchDB.framework */ = {isa = PBXFileReference; lastKnownFileType = wrapper.framework; name = TouchDB.framework; path = vendor/TouchDB.framework; sourceTree = "<group>"; };
		5AC200B6152C764200866FC5 /* libz.dylib */ = {isa = PBXFileReference; lastKnownFileType = "compiled.mach-o.dylib"; name = libz.dylib; path = usr/lib/libz.dylib; sourceTree = SDKROOT; };
		5AC200B8152C764B00866FC5 /* libsqlite3.dylib */ = {isa = PBXFileReference; lastKnownFileType = "compiled.mach-o.dylib"; name = libsqlite3.dylib; path = usr/lib/libsqlite3.dylib; sourceTree = SDKROOT; };
		5AC200BA152C766600866FC5 /* CFNetwork.framework */ = {isa = PBXFileReference; lastKnownFileType = wrapper.framework; name = CFNetwork.framework; path = System/Library/Frameworks/CFNetwork.framework; sourceTree = SDKROOT; };
		5AC200BC152C767A00866FC5 /* SystemConfiguration.framework */ = {isa = PBXFileReference; lastKnownFileType = wrapper.framework; name = SystemConfiguration.framework; path = System/Library/Frameworks/SystemConfiguration.framework; sourceTree = SDKROOT; };
		5AC200BE152C9E0C00866FC5 /* Project.h */ = {isa = PBXFileReference; fileEncoding = 4; lastKnownFileType = sourcecode.c.h; path = Project.h; sourceTree = "<group>"; };
		5AC200BF152C9E0C00866FC5 /* Project.m */ = {isa = PBXFileReference; fileEncoding = 4; lastKnownFileType = sourcecode.c.objc; path = Project.m; sourceTree = "<group>"; };
		5AC200C3152CA92500866FC5 /* MapKit.framework */ = {isa = PBXFileReference; lastKnownFileType = wrapper.framework; name = MapKit.framework; path = System/Library/Frameworks/MapKit.framework; sourceTree = SDKROOT; };
		5AC200CC152D7BC200866FC5 /* CoreLocation.framework */ = {isa = PBXFileReference; lastKnownFileType = wrapper.framework; name = CoreLocation.framework; path = System/Library/Frameworks/CoreLocation.framework; sourceTree = SDKROOT; };
		5AC200CE152D7BE400866FC5 /* Annotation.h */ = {isa = PBXFileReference; fileEncoding = 4; lastKnownFileType = sourcecode.c.h; path = Annotation.h; sourceTree = "<group>"; };
		5AC200CF152D7BE400866FC5 /* Annotation.m */ = {isa = PBXFileReference; fileEncoding = 4; lastKnownFileType = sourcecode.c.objc; path = Annotation.m; sourceTree = "<group>"; };
/* End PBXFileReference section */

/* Begin PBXFrameworksBuildPhase section */
		5AC20004152C35F300866FC5 /* Frameworks */ = {
			isa = PBXFrameworksBuildPhase;
			buildActionMask = 2147483647;
			files = (
				5AC200CD152D7BC200866FC5 /* CoreLocation.framework in Frameworks */,
				5AC200C4152CA92500866FC5 /* MapKit.framework in Frameworks */,
				5AC200BD152C767A00866FC5 /* SystemConfiguration.framework in Frameworks */,
				5AC200B9152C764B00866FC5 /* libsqlite3.dylib in Frameworks */,
				5AC200B7152C764200866FC5 /* libz.dylib in Frameworks */,
				5AC2000C152C35F300866FC5 /* UIKit.framework in Frameworks */,
				5AC2000E152C35F300866FC5 /* Foundation.framework in Frameworks */,
				5AC20010152C35F300866FC5 /* CoreGraphics.framework in Frameworks */,
				5AC2008C152C672E00866FC5 /* CouchCocoa.framework in Frameworks */,
				5AC2008D152C672E00866FC5 /* TouchDB.framework in Frameworks */,
			);
			runOnlyForDeploymentPostprocessing = 0;
		};
		5AC20027152C35F300866FC5 /* Frameworks */ = {
			isa = PBXFrameworksBuildPhase;
			buildActionMask = 2147483647;
			files = (
				5A60BD5B153FFD1F001B69E6 /* libz.dylib in Frameworks */,
				5A60BD5A153FFD18001B69E6 /* libsqlite3.dylib in Frameworks */,
				5A60BD58153FFD05001B69E6 /* CouchCocoa.framework in Frameworks */,
				5A60BD59153FFD05001B69E6 /* TouchDB.framework in Frameworks */,
				5AC2002D152C35F300866FC5 /* SenTestingKit.framework in Frameworks */,
				5AC2002E152C35F300866FC5 /* UIKit.framework in Frameworks */,
				5AC2002F152C35F300866FC5 /* Foundation.framework in Frameworks */,
			);
			runOnlyForDeploymentPostprocessing = 0;
		};
/* End PBXFrameworksBuildPhase section */

/* Begin PBXGroup section */
		5A60BD42153EE590001B69E6 /* Resources */ = {
			isa = PBXGroup;
			children = (
				5A60BD43153EE5E0001B69E6 /* 86-camera.png */,
				5A60BD44153EE5E0001B69E6 /* 86-camera@2x.png */,
			);
			name = Resources;
			sourceTree = "<group>";
		};
		5AC20008152C35F300866FC5 /* Products */ = {
			isa = PBXGroup;
			children = (
				5AC20007152C35F300866FC5 /* elme.app */,
				5AC2002B152C35F300866FC5 /* elmeTests.octest */,
			);
			name = Products;
			sourceTree = "<group>";
		};
		5AC2000A152C35F300866FC5 /* Frameworks */ = {
			isa = PBXGroup;
			children = (
				5AC200CC152D7BC200866FC5 /* CoreLocation.framework */,
				5AC200C3152CA92500866FC5 /* MapKit.framework */,
				5AC200BC152C767A00866FC5 /* SystemConfiguration.framework */,
				5AC200BA152C766600866FC5 /* CFNetwork.framework */,
				5AC200B8152C764B00866FC5 /* libsqlite3.dylib */,
				5AC200B6152C764200866FC5 /* libz.dylib */,
				5AC2008A152C672E00866FC5 /* CouchCocoa.framework */,
				5AC2008B152C672E00866FC5 /* TouchDB.framework */,
				5AC2000B152C35F300866FC5 /* UIKit.framework */,
				5AC2000D152C35F300866FC5 /* Foundation.framework */,
				5AC2000F152C35F300866FC5 /* CoreGraphics.framework */,
				5AC2002C152C35F300866FC5 /* SenTestingKit.framework */,
			);
			name = Frameworks;
			sourceTree = "<group>";
		};
		5AC20011152C35F300866FC5 /* elme */ = {
			isa = PBXGroup;
			children = (
				5AC2001A152C35F300866FC5 /* AppDelegate.h */,
				5AC2001B152C35F300866FC5 /* AppDelegate.m */,
				5AC2001D152C35F300866FC5 /* MainStoryboard.storyboard */,
				5AC200C1152C9E1A00866FC5 /* Model */,
				5A7EDC2F1534588B0065CFA1 /* CouchTableViewController.h */,
				5A7EDC301534588B0065CFA1 /* CouchTableViewController.m */,
				5A7EDC2C1534580F0065CFA1 /* IncidentViewController.h */,
				5A7EDC2D1534580F0065CFA1 /* IncidentViewController.m */,
				5A7EDC5D153579EB0065CFA1 /* EditIncidentViewController.h */,
				5A7EDC5E153579EB0065CFA1 /* EditIncidentViewController.m */,
				5A60BD4F153F04CB001B69E6 /* LocationViewController.h */,
				5A60BD50153F04CB001B69E6 /* LocationViewController.m */,
				5AC20020152C35F300866FC5 /* MasterViewController.h */,
				5AC20021152C35F300866FC5 /* MasterViewController.m */,
				5AC20023152C35F300866FC5 /* DetailViewController.h */,
				5AC20024152C35F300866FC5 /* DetailViewController.m */,
				5A60BCB7153DC32F001B69E6 /* LocationCell.xib */,
				5A60BCE2153DC8D7001B69E6 /* LocationCell.h */,
				5A60BCE3153DC8D7001B69E6 /* LocationCell.m */,
				5A60BD3B153DCE3B001B69E6 /* DescriptionCell.xib */,
				5A60BD35153DCE04001B69E6 /* DescriptionCell.h */,
				5A60BD36153DCE04001B69E6 /* DescriptionCell.m */,
				5A60BD3D153DCE46001B69E6 /* ImagesCell.xib */,
				5A60BD38153DCE21001B69E6 /* ImagesCell.h */,
				5A60BD39153DCE21001B69E6 /* ImagesCell.m */,
				5A60BD42153EE590001B69E6 /* Resources */,
				5AC20012152C35F300866FC5 /* Supporting Files */,
			);
			path = elme;
			sourceTree = "<group>";
		};
		5AC20012152C35F300866FC5 /* Supporting Files */ = {
			isa = PBXGroup;
			children = (
				5AC2004B152C4C1F00866FC5 /* icon-57.png */,
				5AC2004C152C4C1F00866FC5 /* icon-114.png */,
				5AC20013152C35F300866FC5 /* elme-Info.plist */,
				5AC20014152C35F300866FC5 /* InfoPlist.strings */,
				5AC20017152C35F300866FC5 /* main.m */,
				5AC20019152C35F300866FC5 /* elme-Prefix.pch */,
			);
			name = "Supporting Files";
			sourceTree = "<group>";
		};
		5AC20032152C35F300866FC5 /* elmeTests */ = {
			isa = PBXGroup;
			children = (
				5AC20039152C35F300866FC5 /* DatabaseTests.m */,
				5AC20033152C35F300866FC5 /* Supporting Files */,
			);
			path = elmeTests;
			sourceTree = "<group>";
		};
		5AC20033152C35F300866FC5 /* Supporting Files */ = {
			isa = PBXGroup;
			children = (
				5AC20034152C35F300866FC5 /* elmeTests-Info.plist */,
				5AC20035152C35F300866FC5 /* InfoPlist.strings */,
			);
			name = "Supporting Files";
			sourceTree = "<group>";
		};
		5AC200C1152C9E1A00866FC5 /* Model */ = {
			isa = PBXGroup;
			children = (
				5AC200CE152D7BE400866FC5 /* Annotation.h */,
				5AC200CF152D7BE400866FC5 /* Annotation.m */,
				5AC20077152C64E000866FC5 /* Configuration.h */,
				5AC20078152C64E000866FC5 /* Configuration.m */,
				5AC20079152C64E000866FC5 /* Globals.h */,
				5AC2007A152C64E000866FC5 /* Globals.m */,
				5A7EDC5A153489910065CFA1 /* Incident.h */,
				5A7EDC5B153489910065CFA1 /* Incident.m */,
				5AC200BE152C9E0C00866FC5 /* Project.h */,
				5AC200BF152C9E0C00866FC5 /* Project.m */,
				5A7EDC28153431F90065CFA1 /* Database.h */,
				5A7EDC29153431F90065CFA1 /* Database.m */,
			);
			name = Model;
			sourceTree = "<group>";
		};
		5AC2FFFC152C35F300866FC5 = {
			isa = PBXGroup;
			children = (
				5AC20011152C35F300866FC5 /* elme */,
				5AC20032152C35F300866FC5 /* elmeTests */,
				5AC2000A152C35F300866FC5 /* Frameworks */,
				5AC20008152C35F300866FC5 /* Products */,
			);
			sourceTree = "<group>";
		};
/* End PBXGroup section */

/* Begin PBXNativeTarget section */
		5AC20006152C35F300866FC5 /* elme */ = {
			isa = PBXNativeTarget;
			buildConfigurationList = 5AC2003D152C35F300866FC5 /* Build configuration list for PBXNativeTarget "elme" */;
			buildPhases = (
				5AC20003152C35F300866FC5 /* Sources */,
				5AC20004152C35F300866FC5 /* Frameworks */,
				5AC20005152C35F300866FC5 /* Resources */,
				5AC200C2152CA19B00866FC5 /* ShellScript */,
			);
			buildRules = (
			);
			dependencies = (
			);
			name = elme;
			productName = elme;
			productReference = 5AC20007152C35F300866FC5 /* elme.app */;
			productType = "com.apple.product-type.application";
		};
		5AC2002A152C35F300866FC5 /* elmeTests */ = {
			isa = PBXNativeTarget;
			buildConfigurationList = 5AC20040152C35F300866FC5 /* Build configuration list for PBXNativeTarget "elmeTests" */;
			buildPhases = (
				5AC20026152C35F300866FC5 /* Sources */,
				5AC20027152C35F300866FC5 /* Frameworks */,
				5AC20028152C35F300866FC5 /* Resources */,
				5AC20029152C35F300866FC5 /* ShellScript */,
			);
			buildRules = (
			);
			dependencies = (
				5AC20031152C35F300866FC5 /* PBXTargetDependency */,
			);
			name = elmeTests;
			productName = elmeTests;
			productReference = 5AC2002B152C35F300866FC5 /* elmeTests.octest */;
			productType = "com.apple.product-type.bundle";
		};
/* End PBXNativeTarget section */

/* Begin PBXProject section */
		5AC2FFFE152C35F300866FC5 /* Project object */ = {
			isa = PBXProject;
			attributes = {
				LastUpgradeCheck = 0430;
				ORGANIZATIONNAME = "abstracture GmbH & Co. KG";
			};
			buildConfigurationList = 5AC20001152C35F300866FC5 /* Build configuration list for PBXProject "elme" */;
			compatibilityVersion = "Xcode 3.2";
			developmentRegion = English;
			hasScannedForEncodings = 0;
			knownRegions = (
				en,
			);
			mainGroup = 5AC2FFFC152C35F300866FC5;
			productRefGroup = 5AC20008152C35F300866FC5 /* Products */;
			projectDirPath = "";
			projectRoot = "";
			targets = (
				5AC20006152C35F300866FC5 /* elme */,
				5AC2002A152C35F300866FC5 /* elmeTests */,
			);
		};
/* End PBXProject section */

/* Begin PBXResourcesBuildPhase section */
		5AC20005152C35F300866FC5 /* Resources */ = {
			isa = PBXResourcesBuildPhase;
			buildActionMask = 2147483647;
			files = (
				5AC20016152C35F300866FC5 /* InfoPlist.strings in Resources */,
				5AC2001F152C35F300866FC5 /* MainStoryboard.storyboard in Resources */,
				5AC2004D152C4C1F00866FC5 /* icon-57.png in Resources */,
				5AC2004E152C4C1F00866FC5 /* icon-114.png in Resources */,
				5A60BCB8153DC32F001B69E6 /* LocationCell.xib in Resources */,
				5A60BD3C153DCE3B001B69E6 /* DescriptionCell.xib in Resources */,
				5A60BD3E153DCE46001B69E6 /* ImagesCell.xib in Resources */,
				5A60BD45153EE5E0001B69E6 /* 86-camera.png in Resources */,
				5A60BD46153EE5E0001B69E6 /* 86-camera@2x.png in Resources */,
			);
			runOnlyForDeploymentPostprocessing = 0;
		};
		5AC20028152C35F300866FC5 /* Resources */ = {
			isa = PBXResourcesBuildPhase;
			buildActionMask = 2147483647;
			files = (
				5AC20037152C35F300866FC5 /* InfoPlist.strings in Resources */,
			);
			runOnlyForDeploymentPostprocessing = 0;
		};
/* End PBXResourcesBuildPhase section */

/* Begin PBXShellScriptBuildPhase section */
		5AC20029152C35F300866FC5 /* ShellScript */ = {
			isa = PBXShellScriptBuildPhase;
			buildActionMask = 2147483647;
			files = (
			);
			inputPaths = (
			);
			outputPaths = (
			);
			runOnlyForDeploymentPostprocessing = 0;
			shellPath = /bin/sh;
			shellScript = "# Run the unit tests in this test bundle.\n\"${SYSTEM_DEVELOPER_DIR}/Tools/RunUnitTests\"\n";
		};
		5AC200C2152CA19B00866FC5 /* ShellScript */ = {
			isa = PBXShellScriptBuildPhase;
			buildActionMask = 2147483647;
			files = (
			);
			inputPaths = (
			);
			outputPaths = (
			);
			runOnlyForDeploymentPostprocessing = 0;
			shellPath = /bin/sh;
			shellScript = "git status\nversion=$(git describe --tags --dirty)\n\n# version can be empty when there are no tags, use rev-parse in that case\n# to log the last commit id\nif [[ -z \"$version\" ]]; then\ndiff=$(git diff)\nversion=$(git rev-parse --short HEAD)\n\nif [[ -n \"$diff\" ]]; then\nversion=${version}-dirty\nfi\nfi\n\necho version: $version\n\ninfo_plist=$BUILT_PRODUCTS_DIR/$PRODUCT_NAME.app/Info.plist\n/usr/libexec/PlistBuddy -c \"Set :CFBundleVersion $version\" $info_plist";
		};
/* End PBXShellScriptBuildPhase section */

/* Begin PBXSourcesBuildPhase section */
		5AC20003152C35F300866FC5 /* Sources */ = {
			isa = PBXSourcesBuildPhase;
			buildActionMask = 2147483647;
			files = (
				5AC20018152C35F300866FC5 /* main.m in Sources */,
				5AC2001C152C35F300866FC5 /* AppDelegate.m in Sources */,
				5AC20022152C35F300866FC5 /* MasterViewController.m in Sources */,
				5AC20025152C35F300866FC5 /* DetailViewController.m in Sources */,
				5AC2007B152C64E000866FC5 /* Configuration.m in Sources */,
				5AC2007C152C64E000866FC5 /* Globals.m in Sources */,
				5AC200C0152C9E0C00866FC5 /* Project.m in Sources */,
				5AC200D0152D7BE400866FC5 /* Annotation.m in Sources */,
				5A7EDC2A153431F90065CFA1 /* Database.m in Sources */,
				5A7EDC2E1534580F0065CFA1 /* IncidentViewController.m in Sources */,
				5A7EDC311534588B0065CFA1 /* CouchTableViewController.m in Sources */,
				5A7EDC5C153489910065CFA1 /* Incident.m in Sources */,
				5A7EDC5F153579EC0065CFA1 /* EditIncidentViewController.m in Sources */,
				5A60BCE4153DC8D7001B69E6 /* LocationCell.m in Sources */,
				5A60BD37153DCE04001B69E6 /* DescriptionCell.m in Sources */,
				5A60BD3A153DCE21001B69E6 /* ImagesCell.m in Sources */,
				5A60BD51153F04CB001B69E6 /* LocationViewController.m in Sources */,
			);
			runOnlyForDeploymentPostprocessing = 0;
		};
		5AC20026152C35F300866FC5 /* Sources */ = {
			isa = PBXSourcesBuildPhase;
			buildActionMask = 2147483647;
			files = (
				5A60BD57153FFCD5001B69E6 /* Incident.m in Sources */,
				5AC2003A152C35F300866FC5 /* DatabaseTests.m in Sources */,
			);
			runOnlyForDeploymentPostprocessing = 0;
		};
/* End PBXSourcesBuildPhase section */

/* Begin PBXTargetDependency section */
		5AC20031152C35F300866FC5 /* PBXTargetDependency */ = {
			isa = PBXTargetDependency;
			target = 5AC20006152C35F300866FC5 /* elme */;
			targetProxy = 5AC20030152C35F300866FC5 /* PBXContainerItemProxy */;
		};
/* End PBXTargetDependency section */

/* Begin PBXVariantGroup section */
		5AC20014152C35F300866FC5 /* InfoPlist.strings */ = {
			isa = PBXVariantGroup;
			children = (
				5AC20015152C35F300866FC5 /* en */,
			);
			name = InfoPlist.strings;
			sourceTree = "<group>";
		};
		5AC2001D152C35F300866FC5 /* MainStoryboard.storyboard */ = {
			isa = PBXVariantGroup;
			children = (
				5AC2001E152C35F300866FC5 /* en */,
			);
			name = MainStoryboard.storyboard;
			sourceTree = "<group>";
		};
		5AC20035152C35F300866FC5 /* InfoPlist.strings */ = {
			isa = PBXVariantGroup;
			children = (
				5AC20036152C35F300866FC5 /* en */,
			);
			name = InfoPlist.strings;
			sourceTree = "<group>";
		};
/* End PBXVariantGroup section */

/* Begin XCBuildConfiguration section */
		5AC2003B152C35F300866FC5 /* Debug */ = {
			isa = XCBuildConfiguration;
			buildSettings = {
				ALWAYS_SEARCH_USER_PATHS = NO;
				ARCHS = "$(ARCHS_STANDARD_32_BIT)";
				CLANG_ENABLE_OBJC_ARC = YES;
				"CODE_SIGN_IDENTITY[sdk=iphoneos*]" = "iPhone Developer";
				COPY_PHASE_STRIP = NO;
				GCC_C_LANGUAGE_STANDARD = gnu99;
				GCC_DYNAMIC_NO_PIC = NO;
				GCC_OPTIMIZATION_LEVEL = 0;
				GCC_PREPROCESSOR_DEFINITIONS = (
					"DEBUG=1",
					"$(inherited)",
				);
				GCC_SYMBOLS_PRIVATE_EXTERN = NO;
				GCC_VERSION = com.apple.compilers.llvm.clang.1_0;
				GCC_WARN_ABOUT_RETURN_TYPE = YES;
				GCC_WARN_UNINITIALIZED_AUTOS = YES;
				GCC_WARN_UNUSED_VARIABLE = YES;
				IPHONEOS_DEPLOYMENT_TARGET = 5.1;
				SDKROOT = iphoneos;
			};
			name = Debug;
		};
		5AC2003C152C35F300866FC5 /* Release */ = {
			isa = XCBuildConfiguration;
			buildSettings = {
				ALWAYS_SEARCH_USER_PATHS = NO;
				ARCHS = "$(ARCHS_STANDARD_32_BIT)";
				CLANG_ENABLE_OBJC_ARC = YES;
				"CODE_SIGN_IDENTITY[sdk=iphoneos*]" = "iPhone Developer";
				COPY_PHASE_STRIP = YES;
				GCC_C_LANGUAGE_STANDARD = gnu99;
				GCC_VERSION = com.apple.compilers.llvm.clang.1_0;
				GCC_WARN_ABOUT_RETURN_TYPE = YES;
				GCC_WARN_UNINITIALIZED_AUTOS = YES;
				GCC_WARN_UNUSED_VARIABLE = YES;
				IPHONEOS_DEPLOYMENT_TARGET = 5.1;
				OTHER_CFLAGS = "-DNS_BLOCK_ASSERTIONS=1";
				SDKROOT = iphoneos;
				VALIDATE_PRODUCT = YES;
			};
			name = Release;
		};
		5AC2003E152C35F300866FC5 /* Debug */ = {
			isa = XCBuildConfiguration;
			buildSettings = {
				FRAMEWORK_SEARCH_PATHS = (
					"$(inherited)",
					"\"$(SRCROOT)/vendor\"",
				);
				GCC_PRECOMPILE_PREFIX_HEADER = YES;
				GCC_PREFIX_HEADER = "elme/elme-Prefix.pch";
				INFOPLIST_FILE = "elme/elme-Info.plist";
				OTHER_LDFLAGS = (
					"-ObjC",
					"-Wl,-no_pie",
				);
				PRODUCT_NAME = "$(TARGET_NAME)";
				RUN_CLANG_STATIC_ANALYZER = YES;
				WARNING_CFLAGS = "-Wall";
				WRAPPER_EXTENSION = app;
			};
			name = Debug;
		};
		5AC2003F152C35F300866FC5 /* Release */ = {
			isa = XCBuildConfiguration;
			buildSettings = {
				FRAMEWORK_SEARCH_PATHS = (
					"$(inherited)",
					"\"$(SRCROOT)/vendor\"",
				);
				GCC_PRECOMPILE_PREFIX_HEADER = YES;
				GCC_PREFIX_HEADER = "elme/elme-Prefix.pch";
				INFOPLIST_FILE = "elme/elme-Info.plist";
				OTHER_LDFLAGS = (
					"-ObjC",
					"-Wl,-no_pie",
				);
				PRODUCT_NAME = "$(TARGET_NAME)";
				RUN_CLANG_STATIC_ANALYZER = YES;
				WARNING_CFLAGS = "-Wall";
				WRAPPER_EXTENSION = app;
			};
			name = Release;
		};
		5AC20041152C35F300866FC5 /* Debug */ = {
			isa = XCBuildConfiguration;
			buildSettings = {
				BUNDLE_LOADER = "$(BUILT_PRODUCTS_DIR)/elme.app/elme";
				FRAMEWORK_SEARCH_PATHS = (
					"$(SDKROOT)/Developer/Library/Frameworks",
					"$(DEVELOPER_LIBRARY_DIR)/Frameworks",
					"\"$(SRCROOT)/vendor\"",
				);
				GCC_PRECOMPILE_PREFIX_HEADER = YES;
				GCC_PREFIX_HEADER = "elme/elme-Prefix.pch";
				INFOPLIST_FILE = "elmeTests/elmeTests-Info.plist";
				PRODUCT_NAME = "$(TARGET_NAME)";
				TEST_HOST = "$(BUNDLE_LOADER)";
				WRAPPER_EXTENSION = octest;
			};
			name = Debug;
		};
		5AC20042152C35F300866FC5 /* Release */ = {
			isa = XCBuildConfiguration;
			buildSettings = {
				BUNDLE_LOADER = "$(BUILT_PRODUCTS_DIR)/elme.app/elme";
				FRAMEWORK_SEARCH_PATHS = (
					"$(SDKROOT)/Developer/Library/Frameworks",
					"$(DEVELOPER_LIBRARY_DIR)/Frameworks",
					"\"$(SRCROOT)/vendor\"",
				);
				GCC_PRECOMPILE_PREFIX_HEADER = YES;
				GCC_PREFIX_HEADER = "elme/elme-Prefix.pch";
				INFOPLIST_FILE = "elmeTests/elmeTests-Info.plist";
				PRODUCT_NAME = "$(TARGET_NAME)";
				TEST_HOST = "$(BUNDLE_LOADER)";
				WRAPPER_EXTENSION = octest;
			};
			name = Release;
		};
/* End XCBuildConfiguration section */

/* Begin XCConfigurationList section */
		5AC20001152C35F300866FC5 /* Build configuration list for PBXProject "elme" */ = {
			isa = XCConfigurationList;
			buildConfigurations = (
				5AC2003B152C35F300866FC5 /* Debug */,
				5AC2003C152C35F300866FC5 /* Release */,
			);
			defaultConfigurationIsVisible = 0;
			defaultConfigurationName = Release;
		};
		5AC2003D152C35F300866FC5 /* Build configuration list for PBXNativeTarget "elme" */ = {
			isa = XCConfigurationList;
			buildConfigurations = (
				5AC2003E152C35F300866FC5 /* Debug */,
				5AC2003F152C35F300866FC5 /* Release */,
			);
			defaultConfigurationIsVisible = 0;
			defaultConfigurationName = Release;
		};
		5AC20040152C35F300866FC5 /* Build configuration list for PBXNativeTarget "elmeTests" */ = {
			isa = XCConfigurationList;
			buildConfigurations = (
				5AC20041152C35F300866FC5 /* Debug */,
				5AC20042152C35F300866FC5 /* Release */,
			);
			defaultConfigurationIsVisible = 0;
			defaultConfigurationName = Release;
		};
/* End XCConfigurationList section */
	};
	rootObject = 5AC2FFFE152C35F300866FC5 /* Project object */;
}
